
Microsoft Visual Studio Solution File, Format Version 12.00
# Visual Studio Version 16
VisualStudioVersion = 16.0.30413.136
MinimumVisualStudioVersion = 10.0.40219.1
Project("{FAE04EC0-301F-11D3-BF4B-00C04F79EFBC}") = "HotelBookingManagement", "HotelBookingManagement\HotelBookingManagement.csproj", "{9875BBB4-A5A4-49E2-9452-40EE05C8F056}"
EndProject
Project("{54435603-DBB4-11D2-8724-00A0C9A8B90C}") = "Setup2", "Setup2\Setup2.vdproj", "{27DF57E8-C48D-4D48-B50A-88935DD4B815}"
EndProject
Global
	GlobalSection(SolutionConfigurationPlatforms) = preSolution
		Debug|Any CPU = Debug|Any CPU
		Release|Any CPU = Release|Any CPU
	EndGlobalSection
	GlobalSection(ProjectConfigurationPlatforms) = postSolution
		{9875BBB4-A5A4-49E2-9452-40EE05C8F056}.Debug|Any CPU.ActiveCfg = Debug|Any CPU
		{9875BBB4-A5A4-49E2-9452-40EE05C8F056}.Debug|Any CPU.Build.0 = Debug|Any CPU
		{9875BBB4-A5A4-49E2-9452-40EE05C8F056}.Release|Any CPU.ActiveCfg = Release|Any CPU
		{9875BBB4-A5A4-49E2-9452-40EE05C8F056}.Release|Any CPU.Build.0 = Release|Any CPU
		{27DF57E8-C48D-4D48-B50A-88935DD4B815}.Debug|Any CPU.ActiveCfg = Debug
		{27DF57E8-C48D-4D48-B50A-88935DD4B815}.Release|Any CPU.ActiveCfg = Release
	EndGlobalSection
	GlobalSection(SolutionProperties) = preSolution
		HideSolutionNode = FALSE
	EndGlobalSection
	GlobalSection(ExtensibilityGlobals) = postSolution
		SolutionGuid = {72719415-D7A9-412C-B177-C00C06281197}
	EndGlobalSection
EndGlobal
